{
  "name": "wx-cropper",
  "version": "1.0.5",
  "lockfileVersion": 1,
  "requires": true,
  "dependencies": {
    "@dw/wx-cropper": {
      "version": "1.0.5",
      "resolved": "https://registry.npmjs.org/@dw/wx-cropper/-/wx-cropper-1.0.5.tgz",
      "integrity": "sha512-wlECoxOmIqkReVkcEFsS4ZL7af+VV9d4lqKm3bQyb+4kcYuLEg6Z5wIEO81ZlLEHmJeL+isq/jBZkB311Mdtbw=="
    }
  }
}
