{
  "name": "wx-cropper",
  "version": "1.0.3",
  "lockfileVersion": 1,
  "requires": true,
  "dependencies": {
    "@dw/wx-cropper": {
      "version": "1.0.3",
      "resolved": "https://registry.npmjs.org/@dw/wx-cropper/-/wx-cropper-1.0.3.tgz",
      "integrity": "sha512-2D/msOwxlcB7M+LnUyi358f9HMufv6LoZjIQHRC8g/Q7zfEPT/NFfaKRV85/9cHmbndXuEuhuHwGBkOVSgCnJg==",
      "requires": {
        "@dw/wx-cropper": "^1.0.2"
      }
    }
  }
}
