# THIS IS AN AUTOGENERATED FILE. DO NOT EDIT THIS FILE DIRECTLY.
# yarn lockfile v1


"@dw/wx-cropper@^1.0.0":
  version "1.0.0"
  resolved "https://registry.yarnpkg.com/@dw/wx-cropper/-/wx-cropper-1.0.0.tgz#f995bbe351b4572f68c1fa98b6e4b2ce9b451c80"
  integrity sha512-UOsG49hcQNzFvZU7BLRuMv26b6b5pXtlaVIRVixB36zjX+sdwl11gnUoj107VQCVZEBRHBRDcenHvIxKrzm87w==

"@dw/wx-cropper@^1.0.1":
  version "1.0.1"
  resolved "https://registry.yarnpkg.com/@dw/wx-cropper/-/wx-cropper-1.0.1.tgz#d9b43f86a1c46ef611a7c5b5aaddd1a01b93cf5e"
  integrity sha512-NhJynN/xaVgPaaSdtzaKFcdNmOWbLKfy9T+9BEiqVYN2a5gSopdECf6sJnTkNxIx/sZ4EuxTyYwypsMo3Tvh/w==
  dependencies:
    "@dw/wx-cropper" "^1.0.0"
